
Microsoft Visual Studio Solution File, Format Version 12.00
# Visual Studio Version 17
VisualStudioVersion = 17.10.35013.160
MinimumVisualStudioVersion = 10.0.40219.1
Project("{FAE04EC0-301F-11D3-BF4B-00C04F79EFBC}") = "task 4", "task 3\task 4.csproj", "{C7017C5C-9299-46B0-8365-695413C171B5}"
EndProject
Global
	GlobalSection(SolutionConfigurationPlatforms) = preSolution
		Debug|Any CPU = Debug|Any CPU
		Release|Any CPU = Release|Any CPU
	EndGlobalSection
	GlobalSection(ProjectConfigurationPlatforms) = postSolution
		{C7017C5C-9299-46B0-8365-695413C171B5}.Debug|Any CPU.ActiveCfg = Debug|Any CPU
		{C7017C5C-9299-46B0-8365-695413C171B5}.Debug|Any CPU.Build.0 = Debug|Any CPU
		{C7017C5C-9299-46B0-8365-695413C171B5}.Release|Any CPU.ActiveCfg = Release|Any CPU
		{C7017C5C-9299-46B0-8365-695413C171B5}.Release|Any CPU.Build.0 = Release|Any CPU
	EndGlobalSection
	GlobalSection(SolutionProperties) = preSolution
		HideSolutionNode = FALSE
	EndGlobalSection
	GlobalSection(ExtensibilityGlobals) = postSolution
		SolutionGuid = {30647280-CE33-487F-A70F-F77921FF5623}
	EndGlobalSection
EndGlobal
